
Microsoft Visual Studio Solution File, Format Version 12.00
# Visual Studio Version 17
VisualStudioVersion = 17.8.34309.116
MinimumVisualStudioVersion = 10.0.40219.1
Project("{9A19103F-16F7-4668-BE54-9A1E7A4F7556}") = "JackHenryReddit", "JackHenryReddit.csproj", "{975C66E2-C5ED-4DF2-87B7-950DA16CA6B6}"
EndProject
Project("{9A19103F-16F7-4668-BE54-9A1E7A4F7556}") = "JackHenryReddit.Services", "..\JackHenryReddit.Services\JackHenryReddit.Services.csproj", "{39ADE8C4-964E-4881-A916-DB340E7C177C}"
EndProject
Project("{9A19103F-16F7-4668-BE54-9A1E7A4F7556}") = "JackHenryReddit.Data", "..\JackHenryReddit.Data\JackHenryReddit.Data.csproj", "{AE7AF8B8-DCC7-4C61-A7E8-35EEF74738CB}"
EndProject
Project("{9A19103F-16F7-4668-BE54-9A1E7A4F7556}") = "JackHenryReddit.Common", "..\JackHenryReddit.Common\JackHenryReddit.Common.csproj", "{BA7F38B2-B07D-4C44-B33F-299092EB7A47}"
EndProject
Project("{FAE04EC0-301F-11D3-BF4B-00C04F79EFBC}") = "JackHenryReddit.Tests", "..\JackHenryReddit.Tests\JackHenryReddit.Tests.csproj", "{DDB59957-F3E8-4B11-9F89-4A0E70208EEC}"
EndProject
Global
	GlobalSection(SolutionConfigurationPlatforms) = preSolution
		Debug|Any CPU = Debug|Any CPU
		Release|Any CPU = Release|Any CPU
	EndGlobalSection
	GlobalSection(ProjectConfigurationPlatforms) = postSolution
		{975C66E2-C5ED-4DF2-87B7-950DA16CA6B6}.Debug|Any CPU.ActiveCfg = Debug|Any CPU
		{975C66E2-C5ED-4DF2-87B7-950DA16CA6B6}.Debug|Any CPU.Build.0 = Debug|Any CPU
		{975C66E2-C5ED-4DF2-87B7-950DA16CA6B6}.Release|Any CPU.ActiveCfg = Release|Any CPU
		{975C66E2-C5ED-4DF2-87B7-950DA16CA6B6}.Release|Any CPU.Build.0 = Release|Any CPU
		{39ADE8C4-964E-4881-A916-DB340E7C177C}.Debug|Any CPU.ActiveCfg = Debug|Any CPU
		{39ADE8C4-964E-4881-A916-DB340E7C177C}.Debug|Any CPU.Build.0 = Debug|Any CPU
		{39ADE8C4-964E-4881-A916-DB340E7C177C}.Release|Any CPU.ActiveCfg = Release|Any CPU
		{39ADE8C4-964E-4881-A916-DB340E7C177C}.Release|Any CPU.Build.0 = Release|Any CPU
		{AE7AF8B8-DCC7-4C61-A7E8-35EEF74738CB}.Debug|Any CPU.ActiveCfg = Debug|Any CPU
		{AE7AF8B8-DCC7-4C61-A7E8-35EEF74738CB}.Debug|Any CPU.Build.0 = Debug|Any CPU
		{AE7AF8B8-DCC7-4C61-A7E8-35EEF74738CB}.Release|Any CPU.ActiveCfg = Release|Any CPU
		{AE7AF8B8-DCC7-4C61-A7E8-35EEF74738CB}.Release|Any CPU.Build.0 = Release|Any CPU
		{BA7F38B2-B07D-4C44-B33F-299092EB7A47}.Debug|Any CPU.ActiveCfg = Debug|Any CPU
		{BA7F38B2-B07D-4C44-B33F-299092EB7A47}.Debug|Any CPU.Build.0 = Debug|Any CPU
		{BA7F38B2-B07D-4C44-B33F-299092EB7A47}.Release|Any CPU.ActiveCfg = Release|Any CPU
		{BA7F38B2-B07D-4C44-B33F-299092EB7A47}.Release|Any CPU.Build.0 = Release|Any CPU
		{DDB59957-F3E8-4B11-9F89-4A0E70208EEC}.Debug|Any CPU.ActiveCfg = Debug|Any CPU
		{DDB59957-F3E8-4B11-9F89-4A0E70208EEC}.Debug|Any CPU.Build.0 = Debug|Any CPU
		{DDB59957-F3E8-4B11-9F89-4A0E70208EEC}.Release|Any CPU.ActiveCfg = Release|Any CPU
		{DDB59957-F3E8-4B11-9F89-4A0E70208EEC}.Release|Any CPU.Build.0 = Release|Any CPU
	EndGlobalSection
	GlobalSection(SolutionProperties) = preSolution
		HideSolutionNode = FALSE
	EndGlobalSection
	GlobalSection(ExtensibilityGlobals) = postSolution
		SolutionGuid = {C50FC441-19C3-4B25-B843-D21A994B7D3C}
	EndGlobalSection
EndGlobal
